{
  "pins" : [
    {
      "identity" : "swift_huge-numbers",
      "kind" : "remoteSourceControl",
      "location" : "https://github.com/RandomHashTags/swift_huge-numbers",
      "state" : {
        "revision" : "63adbd6367ec5682bab32d22b45b55d566342b56",
        "version" : "1.0.4"
      }
    }
  ],
  "version" : 2
}
