{
  "pins" : [
    {
      "identity" : "swift_huge-numbers",
      "kind" : "remoteSourceControl",
      "location" : "https://github.com/RandomHashTags/swift_huge-numbers",
      "state" : {
        "revision" : "c944c26ad396d42cd63a41270d92912c1e5e7883",
        "version" : "1.0.12"
      }
    }
  ],
  "version" : 2
}
