{
  "pins" : [
    {
      "identity" : "swift_huge-numbers",
      "kind" : "remoteSourceControl",
      "location" : "https://github.com/RandomHashTags/swift_huge-numbers",
      "state" : {
        "revision" : "063d3836fac00fa3f0314af81805e2edf42802cc",
        "version" : "1.0.10"
      }
    }
  ],
  "version" : 2
}
